
Microsoft Visual Studio Solution File, Format Version 12.00
# Visual Studio Version 17
VisualStudioVersion = 17.5.002.0
MinimumVisualStudioVersion = 10.0.40219.1
Project("{9A19103F-16F7-4668-BE54-9A1E7A4F7556}") = "LandingServer", "LandingServer.csproj", "{D6D02586-FDF0-4DA1-B31B-834928740FEF}"
EndProject
Global
	GlobalSection(SolutionConfigurationPlatforms) = preSolution
		Debug|Any CPU = Debug|Any CPU
		Release|Any CPU = Release|Any CPU
	EndGlobalSection
	GlobalSection(ProjectConfigurationPlatforms) = postSolution
		{D6D02586-FDF0-4DA1-B31B-834928740FEF}.Debug|Any CPU.ActiveCfg = Debug|Any CPU
		{D6D02586-FDF0-4DA1-B31B-834928740FEF}.Debug|Any CPU.Build.0 = Debug|Any CPU
		{D6D02586-FDF0-4DA1-B31B-834928740FEF}.Release|Any CPU.ActiveCfg = Release|Any CPU
		{D6D02586-FDF0-4DA1-B31B-834928740FEF}.Release|Any CPU.Build.0 = Release|Any CPU
	EndGlobalSection
	GlobalSection(SolutionProperties) = preSolution
		HideSolutionNode = FALSE
	EndGlobalSection
	GlobalSection(ExtensibilityGlobals) = postSolution
		SolutionGuid = {810580BC-0651-478F-9FD7-E52DCDBFD823}
	EndGlobalSection
EndGlobal
